{
  "version": 4,
  "terraform_version": "1.2.6",
  "serial": 4,
  "lineage": "7e9e748f-768c-b155-489c-c7efb50a28fb",
  "outputs": {
    "bucket_arn": {
      "value": "arn:aws:s3:::lively-correctly-enormously-fine-goose",
      "type": "string"
    },
    "bucket_domain_name": {
      "value": "lively-correctly-enormously-fine-goose.s3.amazonaws.com",
      "type": "string"
    },
    "bucket_name": {
      "value": "lively-correctly-enormously-fine-goose",
      "type": "string"
    }
  },
  "resources": [
    {
      "mode": "managed",
      "type": "aws_s3_bucket",
      "name": "balde",
      "provider": "provider[\"registry.terraform.io/hashicorp/aws\"]",
      "instances": [
        {
          "schema_version": 0,
          "attributes": {
            "acceleration_status": "",
            "acl": "private",
            "arn": "arn:aws:s3:::lively-correctly-enormously-fine-goose",
            "bucket": "lively-correctly-enormously-fine-goose",
            "bucket_domain_name": "lively-correctly-enormously-fine-goose.s3.amazonaws.com",
            "bucket_prefix": null,
            "bucket_regional_domain_name": "lively-correctly-enormously-fine-goose.s3.amazonaws.com",
            "cors_rule": [],
            "force_destroy": false,
            "grant": [
              {
                "id": "df3ce74e4603fb6f98ffea9342e12e1012a126f278f295bf9264119799180488",
                "permissions": [
                  "FULL_CONTROL"
                ],
                "type": "CanonicalUser",
                "uri": ""
              }
            ],
            "hosted_zone_id": "Z3AQBSTGFYJSTF",
            "id": "lively-correctly-enormously-fine-goose",
            "lifecycle_rule": [],
            "logging": [],
            "object_lock_configuration": [],
            "object_lock_enabled": false,
            "policy": "",
            "region": "us-east-1",
            "replication_configuration": [],
            "request_payer": "BucketOwner",
            "server_side_encryption_configuration": [],
            "tags": {
              "data": "teste1",
              "name": "teste",
              "versao": "teste2"
            },
            "tags_all": {
              "data": "teste1",
              "name": "teste",
              "versao": "teste2"
            },
            "timeouts": null,
            "versioning": [
              {
                "enabled": false,
                "mfa_delete": false
              }
            ],
            "website": [],
            "website_domain": null,
            "website_endpoint": null
          },
          "sensitive_attributes": [],
          "private": "eyJlMmJmYjczMC1lY2FhLTExZTYtOGY4OC0zNDM2M2JjN2M0YzAiOnsiY3JlYXRlIjoxMjAwMDAwMDAwMDAwLCJkZWxldGUiOjM2MDAwMDAwMDAwMDAsInJlYWQiOjEyMDAwMDAwMDAwMDAsInVwZGF0ZSI6MTIwMDAwMDAwMDAwMH19",
          "dependencies": [
            "random_pet.name"
          ]
        }
      ]
    },
    {
      "mode": "managed",
      "type": "random_pet",
      "name": "name",
      "provider": "provider[\"registry.terraform.io/hashicorp/random\"]",
      "instances": [
        {
          "schema_version": 0,
          "attributes": {
            "id": "lively-correctly-enormously-fine-goose",
            "keepers": null,
            "length": 5,
            "prefix": null,
            "separator": "-"
          },
          "sensitive_attributes": [],
          "private": "bnVsbA=="
        }
      ]
    }
  ]
}
